dependencies:
  espressif/esp_lcd_touch:
    component_hash: d4d8f2dc33205797169a97a02e0d89a8982f59fe0509129b54422052b8522f59
    source:
      storage_url: file:///E:/alearn/ESP-IDF-5_1_4/Espressif/registry
      type: service
    version: 1.1.1
  espressif/zlib:
    component_hash: 999ec50086ac1c82b8321d8f540dc9fd10f5622948b935558aa16b4b66e95d9d
    source:
      type: service
    version: 1.3.0
  espressif__esp_lcd_touch_ft5x06:
    component_hash: null
    source:
      path: E:\JHY\esp32\ESP-IDF\2024-8-3-jiao-ESP32\components\espressif__esp_lcd_touch_ft5x06
      type: local
    version: 1.0.6
  idf:
    component_hash: null
    source:
      type: idf
    version: 5.1.4
  lvgl/lvgl:
    component_hash: 948bff879a345149b83065535bbc4a026ce9f47498a22881e432a264b9098015
    source:
      storage_url: file:///E:/alearn/ESP-IDF-5_1_4/Espressif/registry
      type: service
    version: 8.3.11
manifest_hash: f8acd3c53fe97b7bd7f866e9e690cc329aa47d9190d9542797e4897a80c30134
target: esp32
version: 1.0.0
